
Microsoft Visual Studio Solution File, Format Version 11.00
# Visual Studio 2010
Project("{FAE04EC0-301F-11D3-BF4B-00C04F79EFBC}") = "desi_try - Copy", "Assembly-CSharp.csproj", "{3359E726-4132-DD7E-9A58-0F8A0474A1BA}"
EndProject
Project("{FAE04EC0-301F-11D3-BF4B-00C04F79EFBC}") = "desi_try - Copy", "Assembly-CSharp-Editor.csproj", "{893A9B65-71A2-3AA3-F536-F1437799EF5E}"
EndProject
Global
	GlobalSection(SolutionConfigurationPlatforms) = preSolution
		Debug|Any CPU = Debug|Any CPU
		Release|Any CPU = Release|Any CPU
	EndGlobalSection
	GlobalSection(ProjectConfigurationPlatforms) = postSolution
		{3359E726-4132-DD7E-9A58-0F8A0474A1BA}.Debug|Any CPU.ActiveCfg = Debug|Any CPU
		{3359E726-4132-DD7E-9A58-0F8A0474A1BA}.Debug|Any CPU.Build.0 = Debug|Any CPU
		{3359E726-4132-DD7E-9A58-0F8A0474A1BA}.Release|Any CPU.ActiveCfg = Release|Any CPU
		{3359E726-4132-DD7E-9A58-0F8A0474A1BA}.Release|Any CPU.Build.0 = Release|Any CPU
		{893A9B65-71A2-3AA3-F536-F1437799EF5E}.Debug|Any CPU.ActiveCfg = Debug|Any CPU
		{893A9B65-71A2-3AA3-F536-F1437799EF5E}.Debug|Any CPU.Build.0 = Debug|Any CPU
		{893A9B65-71A2-3AA3-F536-F1437799EF5E}.Release|Any CPU.ActiveCfg = Release|Any CPU
		{893A9B65-71A2-3AA3-F536-F1437799EF5E}.Release|Any CPU.Build.0 = Release|Any CPU
	EndGlobalSection
	GlobalSection(SolutionProperties) = preSolution
		HideSolutionNode = FALSE
	EndGlobalSection
	GlobalSection(MonoDevelopProperties) = preSolution
		StartupItem = Assembly-CSharp.csproj
	EndGlobalSection
EndGlobal
